// !$*UTF8*$!
{
	archiveVersion = 1;
	classes = {
	};
	objectVersion = 50;
	objects = {

/* Begin PBXBuildFile section */
		333BE80820C0D542005F7855 /* SectionCell.swift in Sources */ = {isa = PBXBuildFile; fileRef = 333BE80720C0D542005F7855 /* SectionCell.swift */; };
		3384632720AF38FC00777617 /* AppDelegate.swift in Sources */ = {isa = PBXBuildFile; fileRef = 3384632620AF38FC00777617 /* AppDelegate.swift */; };
		3384632C20AF38FC00777617 /* Main.storyboard in Resources */ = {isa = PBXBuildFile; fileRef = 3384632A20AF38FC00777617 /* Main.storyboard */; };
		3384632E20AF390000777617 /* Assets.xcassets in Resources */ = {isa = PBXBuildFile; fileRef = 3384632D20AF390000777617 /* Assets.xcassets */; };
		3384633120AF390000777617 /* LaunchScreen.storyboard in Resources */ = {isa = PBXBuildFile; fileRef = 3384632F20AF390000777617 /* LaunchScreen.storyboard */; };
		3384633920AF486700777617 /* SectionVC.swift in Sources */ = {isa = PBXBuildFile; fileRef = 3384633820AF486700777617 /* SectionVC.swift */; };
		3384633B20AF4A4200777617 /* GoogleService-Info.plist in Resources */ = {isa = PBXBuildFile; fileRef = 3384633A20AF4A4100777617 /* GoogleService-Info.plist */; };
		3384633D20AF4E6D00777617 /* DictationVC.swift in Sources */ = {isa = PBXBuildFile; fileRef = 3384633C20AF4E6D00777617 /* DictationVC.swift */; };
		3384633F20AF4ED200777617 /* AppManager.swift in Sources */ = {isa = PBXBuildFile; fileRef = 3384633E20AF4ED200777617 /* AppManager.swift */; };
		3384634120AF8A8000777617 /* PdfVC.swift in Sources */ = {isa = PBXBuildFile; fileRef = 3384634020AF8A8000777617 /* PdfVC.swift */; };
		B804FE1B117D0BFF1ADCBA0C /* Pods_Urology.framework in Frameworks */ = {isa = PBXBuildFile; fileRef = ABB6EB74A15F21ADA211EA34 /* Pods_Urology.framework */; };
/* End PBXBuildFile section */

/* Begin PBXFileReference section */
		333BE80720C0D542005F7855 /* SectionCell.swift */ = {isa = PBXFileReference; lastKnownFileType = sourcecode.swift; path = SectionCell.swift; sourceTree = "<group>"; };
		3384632320AF38FC00777617 /* Urology.app */ = {isa = PBXFileReference; explicitFileType = wrapper.application; includeInIndex = 0; path = Urology.app; sourceTree = BUILT_PRODUCTS_DIR; };
		3384632620AF38FC00777617 /* AppDelegate.swift */ = {isa = PBXFileReference; lastKnownFileType = sourcecode.swift; path = AppDelegate.swift; sourceTree = "<group>"; };
		3384632B20AF38FC00777617 /* Base */ = {isa = PBXFileReference; lastKnownFileType = file.storyboard; name = Base; path = Base.lproj/Main.storyboard; sourceTree = "<group>"; };
		3384632D20AF390000777617 /* Assets.xcassets */ = {isa = PBXFileReference; lastKnownFileType = folder.assetcatalog; path = Assets.xcassets; sourceTree = "<group>"; };
		3384633020AF390000777617 /* Base */ = {isa = PBXFileReference; lastKnownFileType = file.storyboard; name = Base; path = Base.lproj/LaunchScreen.storyboard; sourceTree = "<group>"; };
		3384633220AF390000777617 /* Info.plist */ = {isa = PBXFileReference; lastKnownFileType = text.plist.xml; path = Info.plist; sourceTree = "<group>"; };
		3384633820AF486700777617 /* SectionVC.swift */ = {isa = PBXFileReference; lastKnownFileType = sourcecode.swift; path = SectionVC.swift; sourceTree = "<group>"; };
		3384633A20AF4A4100777617 /* GoogleService-Info.plist */ = {isa = PBXFileReference; fileEncoding = 4; lastKnownFileType = text.plist.xml; path = "GoogleService-Info.plist"; sourceTree = "<group>"; };
		3384633C20AF4E6D00777617 /* DictationVC.swift */ = {isa = PBXFileReference; lastKnownFileType = sourcecode.swift; path = DictationVC.swift; sourceTree = "<group>"; };
		3384633E20AF4ED200777617 /* AppManager.swift */ = {isa = PBXFileReference; fileEncoding = 4; lastKnownFileType = sourcecode.swift; path = AppManager.swift; sourceTree = "<group>"; };
		3384634020AF8A8000777617 /* PdfVC.swift */ = {isa = PBXFileReference; lastKnownFileType = sourcecode.swift; path = PdfVC.swift; sourceTree = "<group>"; };
		431C3DC854D611B6F61B4278 /* Pods-Urology.debug.xcconfig */ = {isa = PBXFileReference; includeInIndex = 1; lastKnownFileType = text.xcconfig; name = "Pods-Urology.debug.xcconfig"; path = "Pods/Target Support Files/Pods-Urology/Pods-Urology.debug.xcconfig"; sourceTree = "<group>"; };
		4C63812158B9D9B834279580 /* Pods-Urology.release.xcconfig */ = {isa = PBXFileReference; includeInIndex = 1; lastKnownFileType = text.xcconfig; name = "Pods-Urology.release.xcconfig"; path = "Pods/Target Support Files/Pods-Urology/Pods-Urology.release.xcconfig"; sourceTree = "<group>"; };
		ABB6EB74A15F21ADA211EA34 /* Pods_Urology.framework */ = {isa = PBXFileReference; explicitFileType = wrapper.framework; includeInIndex = 0; path = Pods_Urology.framework; sourceTree = BUILT_PRODUCTS_DIR; };
/* End PBXFileReference section */

/* Begin PBXFrameworksBuildPhase section */
		3384632020AF38FC00777617 /* Frameworks */ = {
			isa = PBXFrameworksBuildPhase;
			buildActionMask = 2147483647;
			files = (
				B804FE1B117D0BFF1ADCBA0C /* Pods_Urology.framework in Frameworks */,
			);
			runOnlyForDeploymentPostprocessing = 0;
		};
/* End PBXFrameworksBuildPhase section */

/* Begin PBXGroup section */
		3384631A20AF38FC00777617 = {
			isa = PBXGroup;
			children = (
				3384632520AF38FC00777617 /* Urology */,
				3384632420AF38FC00777617 /* Products */,
				8474F873230F68272C98BB3A /* Pods */,
				7A36E141A58D672E24FD4999 /* Frameworks */,
			);
			sourceTree = "<group>";
		};
		3384632420AF38FC00777617 /* Products */ = {
			isa = PBXGroup;
			children = (
				3384632320AF38FC00777617 /* Urology.app */,
			);
			name = Products;
			sourceTree = "<group>";
		};
		3384632520AF38FC00777617 /* Urology */ = {
			isa = PBXGroup;
			children = (
				3384633E20AF4ED200777617 /* AppManager.swift */,
				3384632620AF38FC00777617 /* AppDelegate.swift */,
				3384633820AF486700777617 /* SectionVC.swift */,
				333BE80720C0D542005F7855 /* SectionCell.swift */,
				3384633C20AF4E6D00777617 /* DictationVC.swift */,
				3384634020AF8A8000777617 /* PdfVC.swift */,
				3384632A20AF38FC00777617 /* Main.storyboard */,
				3384632D20AF390000777617 /* Assets.xcassets */,
				3384632F20AF390000777617 /* LaunchScreen.storyboard */,
				3384633A20AF4A4100777617 /* GoogleService-Info.plist */,
				3384633220AF390000777617 /* Info.plist */,
			);
			path = Urology;
			sourceTree = "<group>";
		};
		7A36E141A58D672E24FD4999 /* Frameworks */ = {
			isa = PBXGroup;
			children = (
				ABB6EB74A15F21ADA211EA34 /* Pods_Urology.framework */,
			);
			name = Frameworks;
			sourceTree = "<group>";
		};
		8474F873230F68272C98BB3A /* Pods */ = {
			isa = PBXGroup;
			children = (
				431C3DC854D611B6F61B4278 /* Pods-Urology.debug.xcconfig */,
				4C63812158B9D9B834279580 /* Pods-Urology.release.xcconfig */,
			);
			name = Pods;
			sourceTree = "<group>";
		};
/* End PBXGroup section */

/* Begin PBXNativeTarget section */
		3384632220AF38FC00777617 /* Urology */ = {
			isa = PBXNativeTarget;
			buildConfigurationList = 3384633520AF390000777617 /* Build configuration list for PBXNativeTarget "Urology" */;
			buildPhases = (
				1699B39919143088E98713D2 /* [CP] Check Pods Manifest.lock */,
				3384631F20AF38FC00777617 /* Sources */,
				3384632020AF38FC00777617 /* Frameworks */,
				3384632120AF38FC00777617 /* Resources */,
				4B2589C3F8DB04F9F7102168 /* [CP] Embed Pods Frameworks */,
				1B22F2BF9FD85EF93DA3975D /* [CP] Copy Pods Resources */,
			);
			buildRules = (
			);
			dependencies = (
			);
			name = Urology;
			productName = Urology;
			productReference = 3384632320AF38FC00777617 /* Urology.app */;
			productType = "com.apple.product-type.application";
		};
/* End PBXNativeTarget section */

/* Begin PBXProject section */
		3384631B20AF38FC00777617 /* Project object */ = {
			isa = PBXProject;
			attributes = {
				LastSwiftUpdateCheck = 0930;
				LastUpgradeCheck = 0930;
				ORGANIZATIONNAME = Han;
				TargetAttributes = {
					3384632220AF38FC00777617 = {
						CreatedOnToolsVersion = 9.3;
					};
				};
			};
			buildConfigurationList = 3384631E20AF38FC00777617 /* Build configuration list for PBXProject "Urology" */;
			compatibilityVersion = "Xcode 9.3";
			developmentRegion = en;
			hasScannedForEncodings = 0;
			knownRegions = (
				en,
				Base,
			);
			mainGroup = 3384631A20AF38FC00777617;
			productRefGroup = 3384632420AF38FC00777617 /* Products */;
			projectDirPath = "";
			projectRoot = "";
			targets = (
				3384632220AF38FC00777617 /* Urology */,
			);
		};
/* End PBXProject section */

/* Begin PBXResourcesBuildPhase section */
		3384632120AF38FC00777617 /* Resources */ = {
			isa = PBXResourcesBuildPhase;
			buildActionMask = 2147483647;
			files = (
				3384633120AF390000777617 /* LaunchScreen.storyboard in Resources */,
				3384633B20AF4A4200777617 /* GoogleService-Info.plist in Resources */,
				3384632E20AF390000777617 /* Assets.xcassets in Resources */,
				3384632C20AF38FC00777617 /* Main.storyboard in Resources */,
			);
			runOnlyForDeploymentPostprocessing = 0;
		};
/* End PBXResourcesBuildPhase section */

/* Begin PBXShellScriptBuildPhase section */
		1699B39919143088E98713D2 /* [CP] Check Pods Manifest.lock */ = {
			isa = PBXShellScriptBuildPhase;
			buildActionMask = 2147483647;
			files = (
			);
			inputPaths = (
				"${PODS_PODFILE_DIR_PATH}/Podfile.lock",
				"${PODS_ROOT}/Manifest.lock",
			);
			name = "[CP] Check Pods Manifest.lock";
			outputPaths = (
				"$(DERIVED_FILE_DIR)/Pods-Urology-checkManifestLockResult.txt",
			);
			runOnlyForDeploymentPostprocessing = 0;
			shellPath = /bin/sh;
			shellScript = "diff \"${PODS_PODFILE_DIR_PATH}/Podfile.lock\" \"${PODS_ROOT}/Manifest.lock\" > /dev/null\nif [ $? != 0 ] ; then\n    # print error to STDERR\n    echo \"error: The sandbox is not in sync with the Podfile.lock. Run 'pod install' or update your CocoaPods installation.\" >&2\n    exit 1\nfi\n# This output is used by Xcode 'outputs' to avoid re-running this script phase.\necho \"SUCCESS\" > \"${SCRIPT_OUTPUT_FILE_0}\"\n";
			showEnvVarsInLog = 0;
		};
		1B22F2BF9FD85EF93DA3975D /* [CP] Copy Pods Resources */ = {
			isa = PBXShellScriptBuildPhase;
			buildActionMask = 2147483647;
			files = (
			);
			inputPaths = (
			);
			name = "[CP] Copy Pods Resources";
			outputPaths = (
			);
			runOnlyForDeploymentPostprocessing = 0;
			shellPath = /bin/sh;
			shellScript = "\"${SRCROOT}/Pods/Target Support Files/Pods-Urology/Pods-Urology-resources.sh\"\n";
			showEnvVarsInLog = 0;
		};
		4B2589C3F8DB04F9F7102168 /* [CP] Embed Pods Frameworks */ = {
			isa = PBXShellScriptBuildPhase;
			buildActionMask = 2147483647;
			files = (
			);
			inputPaths = (
				"${SRCROOT}/Pods/Target Support Files/Pods-Urology/Pods-Urology-frameworks.sh",
				"${BUILT_PRODUCTS_DIR}/GTMSessionFetcher/GTMSessionFetcher.framework",
				"${BUILT_PRODUCTS_DIR}/GoogleToolboxForMac/GoogleToolboxForMac.framework",
				"${BUILT_PRODUCTS_DIR}/MBProgressHUD/MBProgressHUD.framework",
				"${BUILT_PRODUCTS_DIR}/SDWebImage/SDWebImage.framework",
				"${BUILT_PRODUCTS_DIR}/leveldb-library/leveldb.framework",
				"${BUILT_PRODUCTS_DIR}/nanopb/nanopb.framework",
			);
			name = "[CP] Embed Pods Frameworks";
			outputPaths = (
				"${TARGET_BUILD_DIR}/${FRAMEWORKS_FOLDER_PATH}/GTMSessionFetcher.framework",
				"${TARGET_BUILD_DIR}/${FRAMEWORKS_FOLDER_PATH}/GoogleToolboxForMac.framework",
				"${TARGET_BUILD_DIR}/${FRAMEWORKS_FOLDER_PATH}/MBProgressHUD.framework",
				"${TARGET_BUILD_DIR}/${FRAMEWORKS_FOLDER_PATH}/SDWebImage.framework",
				"${TARGET_BUILD_DIR}/${FRAMEWORKS_FOLDER_PATH}/leveldb.framework",
				"${TARGET_BUILD_DIR}/${FRAMEWORKS_FOLDER_PATH}/nanopb.framework",
			);
			runOnlyForDeploymentPostprocessing = 0;
			shellPath = /bin/sh;
			shellScript = "\"${SRCROOT}/Pods/Target Support Files/Pods-Urology/Pods-Urology-frameworks.sh\"\n";
			showEnvVarsInLog = 0;
		};
/* End PBXShellScriptBuildPhase section */

/* Begin PBXSourcesBuildPhase section */
		3384631F20AF38FC00777617 /* Sources */ = {
			isa = PBXSourcesBuildPhase;
			buildActionMask = 2147483647;
			files = (
				3384634120AF8A8000777617 /* PdfVC.swift in Sources */,
				3384633920AF486700777617 /* SectionVC.swift in Sources */,
				3384633D20AF4E6D00777617 /* DictationVC.swift in Sources */,
				333BE80820C0D542005F7855 /* SectionCell.swift in Sources */,
				3384632720AF38FC00777617 /* AppDelegate.swift in Sources */,
				3384633F20AF4ED200777617 /* AppManager.swift in Sources */,
			);
			runOnlyForDeploymentPostprocessing = 0;
		};
/* End PBXSourcesBuildPhase section */

/* Begin PBXVariantGroup section */
		3384632A20AF38FC00777617 /* Main.storyboard */ = {
			isa = PBXVariantGroup;
			children = (
				3384632B20AF38FC00777617 /* Base */,
			);
			name = Main.storyboard;
			sourceTree = "<group>";
		};
		3384632F20AF390000777617 /* LaunchScreen.storyboard */ = {
			isa = PBXVariantGroup;
			children = (
				3384633020AF390000777617 /* Base */,
			);
			name = LaunchScreen.storyboard;
			sourceTree = "<group>";
		};
/* End PBXVariantGroup section */

/* Begin XCBuildConfiguration section */
		3384633320AF390000777617 /* Debug */ = {
			isa = XCBuildConfiguration;
			buildSettings = {
				ALWAYS_SEARCH_USER_PATHS = NO;
				CLANG_ANALYZER_NONNULL = YES;
				CLANG_ANALYZER_NUMBER_OBJECT_CONVERSION = YES_AGGRESSIVE;
				CLANG_CXX_LANGUAGE_STANDARD = "gnu++14";
				CLANG_CXX_LIBRARY = "libc++";
				CLANG_ENABLE_MODULES = YES;
				CLANG_ENABLE_OBJC_ARC = YES;
				CLANG_ENABLE_OBJC_WEAK = YES;
				CLANG_WARN_BLOCK_CAPTURE_AUTORELEASING = YES;
				CLANG_WARN_BOOL_CONVERSION = YES;
				CLANG_WARN_COMMA = YES;
				CLANG_WARN_CONSTANT_CONVERSION = YES;
				CLANG_WARN_DEPRECATED_OBJC_IMPLEMENTATIONS = YES;
				CLANG_WARN_DIRECT_OBJC_ISA_USAGE = YES_ERROR;
				CLANG_WARN_DOCUMENTATION_COMMENTS = YES;
				CLANG_WARN_EMPTY_BODY = YES;
				CLANG_WARN_ENUM_CONVERSION = YES;
				CLANG_WARN_INFINITE_RECURSION = YES;
				CLANG_WARN_INT_CONVERSION = YES;
				CLANG_WARN_NON_LITERAL_NULL_CONVERSION = YES;
				CLANG_WARN_OBJC_IMPLICIT_RETAIN_SELF = YES;
				CLANG_WARN_OBJC_LITERAL_CONVERSION = YES;
				CLANG_WARN_OBJC_ROOT_CLASS = YES_ERROR;
				CLANG_WARN_RANGE_LOOP_ANALYSIS = YES;
				CLANG_WARN_STRICT_PROTOTYPES = YES;
				CLANG_WARN_SUSPICIOUS_MOVE = YES;
				CLANG_WARN_UNGUARDED_AVAILABILITY = YES_AGGRESSIVE;
				CLANG_WARN_UNREACHABLE_CODE = YES;
				CLANG_WARN__DUPLICATE_METHOD_MATCH = YES;
				CODE_SIGN_IDENTITY = "iPhone Developer";
				COPY_PHASE_STRIP = NO;
				DEBUG_INFORMATION_FORMAT = dwarf;
				ENABLE_STRICT_OBJC_MSGSEND = YES;
				ENABLE_TESTABILITY = YES;
				GCC_C_LANGUAGE_STANDARD = gnu11;
				GCC_DYNAMIC_NO_PIC = NO;
				GCC_NO_COMMON_BLOCKS = YES;
				GCC_OPTIMIZATION_LEVEL = 0;
				GCC_PREPROCESSOR_DEFINITIONS = (
					"DEBUG=1",
					"$(inherited)",
				);
				GCC_WARN_64_TO_32_BIT_CONVERSION = YES;
				GCC_WARN_ABOUT_RETURN_TYPE = YES_ERROR;
				GCC_WARN_UNDECLARED_SELECTOR = YES;
				GCC_WARN_UNINITIALIZED_AUTOS = YES_AGGRESSIVE;
				GCC_WARN_UNUSED_FUNCTION = YES;
				GCC_WARN_UNUSED_VARIABLE = YES;
				IPHONEOS_DEPLOYMENT_TARGET = 11.3;
				MTL_ENABLE_DEBUG_INFO = YES;
				ONLY_ACTIVE_ARCH = YES;
				SDKROOT = iphoneos;
				SWIFT_ACTIVE_COMPILATION_CONDITIONS = DEBUG;
				SWIFT_OPTIMIZATION_LEVEL = "-Onone";
			};
			name = Debug;
		};
		3384633420AF390000777617 /* Release */ = {
			isa = XCBuildConfiguration;
			buildSettings = {
				ALWAYS_SEARCH_USER_PATHS = NO;
				CLANG_ANALYZER_NONNULL = YES;
				CLANG_ANALYZER_NUMBER_OBJECT_CONVERSION = YES_AGGRESSIVE;
				CLANG_CXX_LANGUAGE_STANDARD = "gnu++14";
				CLANG_CXX_LIBRARY = "libc++";
				CLANG_ENABLE_MODULES = YES;
				CLANG_ENABLE_OBJC_ARC = YES;
				CLANG_ENABLE_OBJC_WEAK = YES;
				CLANG_WARN_BLOCK_CAPTURE_AUTORELEASING = YES;
				CLANG_WARN_BOOL_CONVERSION = YES;
				CLANG_WARN_COMMA = YES;
				CLANG_WARN_CONSTANT_CONVERSION = YES;
				CLANG_WARN_DEPRECATED_OBJC_IMPLEMENTATIONS = YES;
				CLANG_WARN_DIRECT_OBJC_ISA_USAGE = YES_ERROR;
				CLANG_WARN_DOCUMENTATION_COMMENTS = YES;
				CLANG_WARN_EMPTY_BODY = YES;
				CLANG_WARN_ENUM_CONVERSION = YES;
				CLANG_WARN_INFINITE_RECURSION = YES;
				CLANG_WARN_INT_CONVERSION = YES;
				CLANG_WARN_NON_LITERAL_NULL_CONVERSION = YES;
				CLANG_WARN_OBJC_IMPLICIT_RETAIN_SELF = YES;
				CLANG_WARN_OBJC_LITERAL_CONVERSION = YES;
				CLANG_WARN_OBJC_ROOT_CLASS = YES_ERROR;
				CLANG_WARN_RANGE_LOOP_ANALYSIS = YES;
				CLANG_WARN_STRICT_PROTOTYPES = YES;
				CLANG_WARN_SUSPICIOUS_MOVE = YES;
				CLANG_WARN_UNGUARDED_AVAILABILITY = YES_AGGRESSIVE;
				CLANG_WARN_UNREACHABLE_CODE = YES;
				CLANG_WARN__DUPLICATE_METHOD_MATCH = YES;
				CODE_SIGN_IDENTITY = "iPhone Developer";
				COPY_PHASE_STRIP = NO;
				DEBUG_INFORMATION_FORMAT = "dwarf-with-dsym";
				ENABLE_NS_ASSERTIONS = NO;
				ENABLE_STRICT_OBJC_MSGSEND = YES;
				GCC_C_LANGUAGE_STANDARD = gnu11;
				GCC_NO_COMMON_BLOCKS = YES;
				GCC_WARN_64_TO_32_BIT_CONVERSION = YES;
				GCC_WARN_ABOUT_RETURN_TYPE = YES_ERROR;
				GCC_WARN_UNDECLARED_SELECTOR = YES;
				GCC_WARN_UNINITIALIZED_AUTOS = YES_AGGRESSIVE;
				GCC_WARN_UNUSED_FUNCTION = YES;
				GCC_WARN_UNUSED_VARIABLE = YES;
				IPHONEOS_DEPLOYMENT_TARGET = 11.3;
				MTL_ENABLE_DEBUG_INFO = NO;
				SDKROOT = iphoneos;
				SWIFT_COMPILATION_MODE = wholemodule;
				SWIFT_OPTIMIZATION_LEVEL = "-O";
				VALIDATE_PRODUCT = YES;
			};
			name = Release;
		};
		3384633620AF390000777617 /* Debug */ = {
			isa = XCBuildConfiguration;
			baseConfigurationReference = 431C3DC854D611B6F61B4278 /* Pods-Urology.debug.xcconfig */;
			buildSettings = {
				ASSETCATALOG_COMPILER_APPICON_NAME = AppIcon;
				CODE_SIGN_STYLE = Automatic;
				DEVELOPMENT_TEAM = NB6XHQ348N;
				INFOPLIST_FILE = Urology/Info.plist;
				IPHONEOS_DEPLOYMENT_TARGET = 11.0;
				LD_RUNPATH_SEARCH_PATHS = (
					"$(inherited)",
					"@executable_path/Frameworks",
				);
				PRODUCT_BUNDLE_IDENTIFIER = com.urology.boot;
				PRODUCT_NAME = "$(TARGET_NAME)";
				SWIFT_VERSION = 4.0;
				TARGETED_DEVICE_FAMILY = "1,2";
			};
			name = Debug;
		};
		3384633720AF390000777617 /* Release */ = {
			isa = XCBuildConfiguration;
			baseConfigurationReference = 4C63812158B9D9B834279580 /* Pods-Urology.release.xcconfig */;
			buildSettings = {
				ASSETCATALOG_COMPILER_APPICON_NAME = AppIcon;
				CODE_SIGN_STYLE = Automatic;
				DEVELOPMENT_TEAM = NB6XHQ348N;
				INFOPLIST_FILE = Urology/Info.plist;
				IPHONEOS_DEPLOYMENT_TARGET = 11.0;
				LD_RUNPATH_SEARCH_PATHS = (
					"$(inherited)",
					"@executable_path/Frameworks",
				);
				PRODUCT_BUNDLE_IDENTIFIER = com.urology.boot;
				PRODUCT_NAME = "$(TARGET_NAME)";
				SWIFT_VERSION = 4.0;
				TARGETED_DEVICE_FAMILY = "1,2";
			};
			name = Release;
		};
/* End XCBuildConfiguration section */

/* Begin XCConfigurationList section */
		3384631E20AF38FC00777617 /* Build configuration list for PBXProject "Urology" */ = {
			isa = XCConfigurationList;
			buildConfigurations = (
				3384633320AF390000777617 /* Debug */,
				3384633420AF390000777617 /* Release */,
			);
			defaultConfigurationIsVisible = 0;
			defaultConfigurationName = Release;
		};
		3384633520AF390000777617 /* Build configuration list for PBXNativeTarget "Urology" */ = {
			isa = XCConfigurationList;
			buildConfigurations = (
				3384633620AF390000777617 /* Debug */,
				3384633720AF390000777617 /* Release */,
			);
			defaultConfigurationIsVisible = 0;
			defaultConfigurationName = Release;
		};
/* End XCConfigurationList section */
	};
	rootObject = 3384631B20AF38FC00777617 /* Project object */;
}
